github.com/IBM/sarama v1.42.1 h1:wugyWa15TDEHh2kvq2gAy1IHLjEjuYOYgXz/ruC/OSQ=
github.com/IBM/sarama v1.42.1/go.mod h1:Xxho9HkHd4K/MDUo/T/sOqwtX/17D33++E9Wib6hUdQ=
github.com/allegro/bigcache/v3 v3.1.0 h1:H2Vp8VOvxcrB91o86fUSVJFqeuz8kpyyB02eH3bSzwk=
github.com/allegro/bigcache/v3 v3.1.0/go.mod h1:aPyh7jEvrog9zAwx5N7+JUQX5dZTSGpxF1LAR4dr35I=
